
Microsoft Visual Studio Solution File, Format Version 12.00
Project("{2150E333-8FDC-42A3-9474-1A3956D46DE8}") = "src", "src", "{3D060DE8-12E4-44C3-B3D1-25EE942DA085}"
EndProject
Project("{2150E333-8FDC-42A3-9474-1A3956D46DE8}") = "Core", "Core", "{F7027EDD-15F1-4B7D-9309-FEAFD834BB19}"
EndProject
Project("{FAE04EC0-301F-11D3-BF4B-00C04F79EFBC}") = "ECommerce.Domain", "src\Core\ECommerce.Domain\ECommerce.Domain.csproj", "{A399F06C-47AE-45B5-92D8-EFD05348BDD2}"
EndProject
Project("{FAE04EC0-301F-11D3-BF4B-00C04F79EFBC}") = "ECommerce.Application", "src\Core\ECommerce.Application\ECommerce.Application.csproj", "{DD467CE1-2D8E-4EB5-AC62-EFA0BC641A9C}"
EndProject
Project("{2150E333-8FDC-42A3-9474-1A3956D46DE8}") = "Infrastructure", "Infrastructure", "{A4E9D961-89B2-4F24-B883-BFE07029B0D4}"
EndProject
Project("{FAE04EC0-301F-11D3-BF4B-00C04F79EFBC}") = "ECommerce.Infrastructure", "src\Infrastructure\ECommerce.Infrastructure\ECommerce.Infrastructure.csproj", "{FDBB84D7-36A1-4F89-80FC-764800E4F848}"
EndProject
Project("{FAE04EC0-301F-11D3-BF4B-00C04F79EFBC}") = "ECommerce.Persistence", "src\Infrastructure\ECommerce.Persistence\ECommerce.Persistence.csproj", "{F92C4C87-AD56-4AD7-9EB5-75C7CDFF2795}"
EndProject
Project("{2150E333-8FDC-42A3-9474-1A3956D46DE8}") = "Presentation", "Presentation", "{BBDE8548-61CE-4F68-A0D3-C3C6587C69F0}"
EndProject
Project("{FAE04EC0-301F-11D3-BF4B-00C04F79EFBC}") = "ECommerce.WebApi", "src\Presentation\ECommerce.WebApi\ECommerce.WebApi.csproj", "{D3EFC28F-28EC-421C-9F5A-5F6BC995B468}"
EndProject
Project("{FAE04EC0-301F-11D3-BF4B-00C04F79EFBC}") = "ECommerce.SignalR", "src\Infrastructure\ECommerce.SignalR\ECommerce.SignalR.csproj", "{0184A554-A918-407B-A8DC-CFD5DC4509C3}"
EndProject
Global
	GlobalSection(SolutionConfigurationPlatforms) = preSolution
		Debug|Any CPU = Debug|Any CPU
		Release|Any CPU = Release|Any CPU
	EndGlobalSection
	GlobalSection(NestedProjects) = preSolution
		{F7027EDD-15F1-4B7D-9309-FEAFD834BB19} = {3D060DE8-12E4-44C3-B3D1-25EE942DA085}
		{A399F06C-47AE-45B5-92D8-EFD05348BDD2} = {F7027EDD-15F1-4B7D-9309-FEAFD834BB19}
		{DD467CE1-2D8E-4EB5-AC62-EFA0BC641A9C} = {F7027EDD-15F1-4B7D-9309-FEAFD834BB19}
		{A4E9D961-89B2-4F24-B883-BFE07029B0D4} = {3D060DE8-12E4-44C3-B3D1-25EE942DA085}
		{FDBB84D7-36A1-4F89-80FC-764800E4F848} = {A4E9D961-89B2-4F24-B883-BFE07029B0D4}
		{F92C4C87-AD56-4AD7-9EB5-75C7CDFF2795} = {A4E9D961-89B2-4F24-B883-BFE07029B0D4}
		{BBDE8548-61CE-4F68-A0D3-C3C6587C69F0} = {3D060DE8-12E4-44C3-B3D1-25EE942DA085}
		{D3EFC28F-28EC-421C-9F5A-5F6BC995B468} = {BBDE8548-61CE-4F68-A0D3-C3C6587C69F0}
		{0184A554-A918-407B-A8DC-CFD5DC4509C3} = {A4E9D961-89B2-4F24-B883-BFE07029B0D4}
	EndGlobalSection
	GlobalSection(ProjectConfigurationPlatforms) = postSolution
		{A399F06C-47AE-45B5-92D8-EFD05348BDD2}.Debug|Any CPU.ActiveCfg = Debug|Any CPU
		{A399F06C-47AE-45B5-92D8-EFD05348BDD2}.Debug|Any CPU.Build.0 = Debug|Any CPU
		{A399F06C-47AE-45B5-92D8-EFD05348BDD2}.Release|Any CPU.ActiveCfg = Release|Any CPU
		{A399F06C-47AE-45B5-92D8-EFD05348BDD2}.Release|Any CPU.Build.0 = Release|Any CPU
		{DD467CE1-2D8E-4EB5-AC62-EFA0BC641A9C}.Debug|Any CPU.ActiveCfg = Debug|Any CPU
		{DD467CE1-2D8E-4EB5-AC62-EFA0BC641A9C}.Debug|Any CPU.Build.0 = Debug|Any CPU
		{DD467CE1-2D8E-4EB5-AC62-EFA0BC641A9C}.Release|Any CPU.ActiveCfg = Release|Any CPU
		{DD467CE1-2D8E-4EB5-AC62-EFA0BC641A9C}.Release|Any CPU.Build.0 = Release|Any CPU
		{FDBB84D7-36A1-4F89-80FC-764800E4F848}.Debug|Any CPU.ActiveCfg = Debug|Any CPU
		{FDBB84D7-36A1-4F89-80FC-764800E4F848}.Debug|Any CPU.Build.0 = Debug|Any CPU
		{FDBB84D7-36A1-4F89-80FC-764800E4F848}.Release|Any CPU.ActiveCfg = Release|Any CPU
		{FDBB84D7-36A1-4F89-80FC-764800E4F848}.Release|Any CPU.Build.0 = Release|Any CPU
		{F92C4C87-AD56-4AD7-9EB5-75C7CDFF2795}.Debug|Any CPU.ActiveCfg = Debug|Any CPU
		{F92C4C87-AD56-4AD7-9EB5-75C7CDFF2795}.Debug|Any CPU.Build.0 = Debug|Any CPU
		{F92C4C87-AD56-4AD7-9EB5-75C7CDFF2795}.Release|Any CPU.ActiveCfg = Release|Any CPU
		{F92C4C87-AD56-4AD7-9EB5-75C7CDFF2795}.Release|Any CPU.Build.0 = Release|Any CPU
		{D3EFC28F-28EC-421C-9F5A-5F6BC995B468}.Debug|Any CPU.ActiveCfg = Debug|Any CPU
		{D3EFC28F-28EC-421C-9F5A-5F6BC995B468}.Debug|Any CPU.Build.0 = Debug|Any CPU
		{D3EFC28F-28EC-421C-9F5A-5F6BC995B468}.Release|Any CPU.ActiveCfg = Release|Any CPU
		{D3EFC28F-28EC-421C-9F5A-5F6BC995B468}.Release|Any CPU.Build.0 = Release|Any CPU
		{0184A554-A918-407B-A8DC-CFD5DC4509C3}.Debug|Any CPU.ActiveCfg = Debug|Any CPU
		{0184A554-A918-407B-A8DC-CFD5DC4509C3}.Debug|Any CPU.Build.0 = Debug|Any CPU
		{0184A554-A918-407B-A8DC-CFD5DC4509C3}.Release|Any CPU.ActiveCfg = Release|Any CPU
		{0184A554-A918-407B-A8DC-CFD5DC4509C3}.Release|Any CPU.Build.0 = Release|Any CPU
	EndGlobalSection
EndGlobal
